// !$*UTF8*$!
{
	archiveVersion = 1;
	classes = {
	};
	objectVersion = 46;
	objects = {

/* Begin PBXBuildFile section */
		25ADDDAC1B83AAA000E73A9A /* main.m in Sources */ = {isa = PBXBuildFile; fileRef = 25ADDDAB1B83AAA000E73A9A /* main.m */; };
/* End PBXBuildFile section */

/* Begin PBXCopyFilesBuildPhase section */
		25ADDDA61B83AAA000E73A9A /* CopyFiles */ = {
			isa = PBXCopyFilesBuildPhase;
			buildActionMask = 2147483647;
			dstPath = /usr/share/man/man1/;
			dstSubfolderSpec = 0;
			files = (
			);
			runOnlyForDeploymentPostprocessing = 1;
		};
/* End PBXCopyFilesBuildPhase section */

/* Begin PBXFileReference section */
		25ADDDA81B83AAA000E73A9A /* ps4_question1_NSArrayCapitalizedFunction */ = {isa = PBXFileReference; explicitFileType = "compiled.mach-o.executable"; includeInIndex = 0; path = ps4_question1_NSArrayCapitalizedFunction; sourceTree = BUILT_PRODUCTS_DIR; };
		25ADDDAB1B83AAA000E73A9A /* main.m */ = {isa = PBXFileReference; lastKnownFileType = sourcecode.c.objc; path = main.m; sourceTree = "<group>"; };
/* End PBXFileReference section */

/* Begin PBXFrameworksBuildPhase section */
		25ADDDA51B83AAA000E73A9A /* Frameworks */ = {
			isa = PBXFrameworksBuildPhase;
			buildActionMask = 2147483647;
			files = (
			);
			runOnlyForDeploymentPostprocessing = 0;
		};
/* End PBXFrameworksBuildPhase section */

/* Begin PBXGroup section */
		25ADDD9F1B83AAA000E73A9A = {
			isa = PBXGroup;
			children = (
				25ADDDAA1B83AAA000E73A9A /* ps4_question1_NSArrayCapitalizedFunction */,
				25ADDDA91B83AAA000E73A9A /* Products */,
			);
			sourceTree = "<group>";
		};
		25ADDDA91B83AAA000E73A9A /* Products */ = {
			isa = PBXGroup;
			children = (
				25ADDDA81B83AAA000E73A9A /* ps4_question1_NSArrayCapitalizedFunction */,
			);
			name = Products;
			sourceTree = "<group>";
		};
		25ADDDAA1B83AAA000E73A9A /* ps4_question1_NSArrayCapitalizedFunction */ = {
			isa = PBXGroup;
			children = (
				25ADDDAB1B83AAA000E73A9A /* main.m */,
			);
			path = ps4_question1_NSArrayCapitalizedFunction;
			sourceTree = "<group>";
		};
/* End PBXGroup section */

/* Begin PBXNativeTarget section */
		25ADDDA71B83AAA000E73A9A /* ps4_question1_NSArrayCapitalizedFunction */ = {
			isa = PBXNativeTarget;
			buildConfigurationList = 25ADDDAF1B83AAA000E73A9A /* Build configuration list for PBXNativeTarget "ps4_question1_NSArrayCapitalizedFunction" */;
			buildPhases = (
				25ADDDA41B83AAA000E73A9A /* Sources */,
				25ADDDA51B83AAA000E73A9A /* Frameworks */,
				25ADDDA61B83AAA000E73A9A /* CopyFiles */,
			);
			buildRules = (
			);
			dependencies = (
			);
			name = ps4_question1_NSArrayCapitalizedFunction;
			productName = ps4_question1_NSArrayCapitalizedFunction;
			productReference = 25ADDDA81B83AAA000E73A9A /* ps4_question1_NSArrayCapitalizedFunction */;
			productType = "com.apple.product-type.tool";
		};
/* End PBXNativeTarget section */

/* Begin PBXProject section */
		25ADDDA01B83AAA000E73A9A /* Project object */ = {
			isa = PBXProject;
			attributes = {
				LastUpgradeCheck = 0640;
				ORGANIZATIONNAME = com.jm;
				TargetAttributes = {
					25ADDDA71B83AAA000E73A9A = {
						CreatedOnToolsVersion = 6.4;
					};
				};
			};
			buildConfigurationList = 25ADDDA31B83AAA000E73A9A /* Build configuration list for PBXProject "ps4_question1_NSArrayCapitalizedFunction" */;
			compatibilityVersion = "Xcode 3.2";
			developmentRegion = English;
			hasScannedForEncodings = 0;
			knownRegions = (
				en,
			);
			mainGroup = 25ADDD9F1B83AAA000E73A9A;
			productRefGroup = 25ADDDA91B83AAA000E73A9A /* Products */;
			projectDirPath = "";
			projectRoot = "";
			targets = (
				25ADDDA71B83AAA000E73A9A /* ps4_question1_NSArrayCapitalizedFunction */,
			);
		};
/* End PBXProject section */

/* Begin PBXSourcesBuildPhase section */
		25ADDDA41B83AAA000E73A9A /* Sources */ = {
			isa = PBXSourcesBuildPhase;
			buildActionMask = 2147483647;
			files = (
				25ADDDAC1B83AAA000E73A9A /* main.m in Sources */,
			);
			runOnlyForDeploymentPostprocessing = 0;
		};
/* End PBXSourcesBuildPhase section */

/* Begin XCBuildConfiguration section */
		25ADDDAD1B83AAA000E73A9A /* Debug */ = {
			isa = XCBuildConfiguration;
			buildSettings = {
				ALWAYS_SEARCH_USER_PATHS = NO;
				CLANG_CXX_LANGUAGE_STANDARD = "gnu++0x";
				CLANG_CXX_LIBRARY = "libc++";
				CLANG_ENABLE_MODULES = YES;
				CLANG_ENABLE_OBJC_ARC = YES;
				CLANG_WARN_BOOL_CONVERSION = YES;
				CLANG_WARN_CONSTANT_CONVERSION = YES;
				CLANG_WARN_DIRECT_OBJC_ISA_USAGE = YES_ERROR;
				CLANG_WARN_EMPTY_BODY = YES;
				CLANG_WARN_ENUM_CONVERSION = YES;
				CLANG_WARN_INT_CONVERSION = YES;
				CLANG_WARN_OBJC_ROOT_CLASS = YES_ERROR;
				CLANG_WARN_UNREACHABLE_CODE = YES;
				CLANG_WARN__DUPLICATE_METHOD_MATCH = YES;
				COPY_PHASE_STRIP = NO;
				DEBUG_INFORMATION_FORMAT = dwarf;
				ENABLE_STRICT_OBJC_MSGSEND = YES;
				GCC_C_LANGUAGE_STANDARD = gnu99;
				GCC_DYNAMIC_NO_PIC = NO;
				GCC_NO_COMMON_BLOCKS = YES;
				GCC_OPTIMIZATION_LEVEL = 0;
				GCC_PREPROCESSOR_DEFINITIONS = (
					"DEBUG=1",
					"$(inherited)",
				);
				GCC_SYMBOLS_PRIVATE_EXTERN = NO;
				GCC_WARN_64_TO_32_BIT_CONVERSION = YES;
				GCC_WARN_ABOUT_RETURN_TYPE = YES_ERROR;
				GCC_WARN_UNDECLARED_SELECTOR = YES;
				GCC_WARN_UNINITIALIZED_AUTOS = YES_AGGRESSIVE;
				GCC_WARN_UNUSED_FUNCTION = YES;
				GCC_WARN_UNUSED_VARIABLE = YES;
				MACOSX_DEPLOYMENT_TARGET = 10.10;
				MTL_ENABLE_DEBUG_INFO = YES;
				ONLY_ACTIVE_ARCH = YES;
				SDKROOT = macosx;
			};
			name = Debug;
		};
		25ADDDAE1B83AAA000E73A9A /* Release */ = {
			isa = XCBuildConfiguration;
			buildSettings = {
				ALWAYS_SEARCH_USER_PATHS = NO;
				CLANG_CXX_LANGUAGE_STANDARD = "gnu++0x";
				CLANG_CXX_LIBRARY = "libc++";
				CLANG_ENABLE_MODULES = YES;
				CLANG_ENABLE_OBJC_ARC = YES;
				CLANG_WARN_BOOL_CONVERSION = YES;
				CLANG_WARN_CONSTANT_CONVERSION = YES;
				CLANG_WARN_DIRECT_OBJC_ISA_USAGE = YES_ERROR;
				CLANG_WARN_EMPTY_BODY = YES;
				CLANG_WARN_ENUM_CONVERSION = YES;
				CLANG_WARN_INT_CONVERSION = YES;
				CLANG_WARN_OBJC_ROOT_CLASS = YES_ERROR;
				CLANG_WARN_UNREACHABLE_CODE = YES;
				CLANG_WARN__DUPLICATE_METHOD_MATCH = YES;
				COPY_PHASE_STRIP = NO;
				DEBUG_INFORMATION_FORMAT = "dwarf-with-dsym";
				ENABLE_NS_ASSERTIONS = NO;
				ENABLE_STRICT_OBJC_MSGSEND = YES;
				GCC_C_LANGUAGE_STANDARD = gnu99;
				GCC_NO_COMMON_BLOCKS = YES;
				GCC_WARN_64_TO_32_BIT_CONVERSION = YES;
				GCC_WARN_ABOUT_RETURN_TYPE = YES_ERROR;
				GCC_WARN_UNDECLARED_SELECTOR = YES;
				GCC_WARN_UNINITIALIZED_AUTOS = YES_AGGRESSIVE;
				GCC_WARN_UNUSED_FUNCTION = YES;
				GCC_WARN_UNUSED_VARIABLE = YES;
				MACOSX_DEPLOYMENT_TARGET = 10.10;
				MTL_ENABLE_DEBUG_INFO = NO;
				SDKROOT = macosx;
			};
			name = Release;
		};
		25ADDDB01B83AAA000E73A9A /* Debug */ = {
			isa = XCBuildConfiguration;
			buildSettings = {
				PRODUCT_NAME = "$(TARGET_NAME)";
			};
			name = Debug;
		};
		25ADDDB11B83AAA000E73A9A /* Release */ = {
			isa = XCBuildConfiguration;
			buildSettings = {
				PRODUCT_NAME = "$(TARGET_NAME)";
			};
			name = Release;
		};
/* End XCBuildConfiguration section */

/* Begin XCConfigurationList section */
		25ADDDA31B83AAA000E73A9A /* Build configuration list for PBXProject "ps4_question1_NSArrayCapitalizedFunction" */ = {
			isa = XCConfigurationList;
			buildConfigurations = (
				25ADDDAD1B83AAA000E73A9A /* Debug */,
				25ADDDAE1B83AAA000E73A9A /* Release */,
			);
			defaultConfigurationIsVisible = 0;
			defaultConfigurationName = Release;
		};
		25ADDDAF1B83AAA000E73A9A /* Build configuration list for PBXNativeTarget "ps4_question1_NSArrayCapitalizedFunction" */ = {
			isa = XCConfigurationList;
			buildConfigurations = (
				25ADDDB01B83AAA000E73A9A /* Debug */,
				25ADDDB11B83AAA000E73A9A /* Release */,
			);
			defaultConfigurationIsVisible = 0;
		};
/* End XCConfigurationList section */
	};
	rootObject = 25ADDDA01B83AAA000E73A9A /* Project object */;
}
