// !$*UTF8*$!
{
	archiveVersion = 1;
	classes = {
	};
	objectVersion = 46;
	objects = {

/* Begin PBXBuildFile section */
		25EC031A1B8CF06700E8626F /* main.m in Sources */ = {isa = PBXBuildFile; fileRef = 25EC03191B8CF06700E8626F /* main.m */; };
		25EC031D1B8CF06700E8626F /* AppDelegate.m in Sources */ = {isa = PBXBuildFile; fileRef = 25EC031C1B8CF06700E8626F /* AppDelegate.m */; };
		25EC03201B8CF06700E8626F /* ViewController.m in Sources */ = {isa = PBXBuildFile; fileRef = 25EC031F1B8CF06700E8626F /* ViewController.m */; };
		25EC03231B8CF06700E8626F /* Main.storyboard in Resources */ = {isa = PBXBuildFile; fileRef = 25EC03211B8CF06700E8626F /* Main.storyboard */; };
		25EC03251B8CF06700E8626F /* Images.xcassets in Resources */ = {isa = PBXBuildFile; fileRef = 25EC03241B8CF06700E8626F /* Images.xcassets */; };
		25EC03281B8CF06700E8626F /* LaunchScreen.xib in Resources */ = {isa = PBXBuildFile; fileRef = 25EC03261B8CF06700E8626F /* LaunchScreen.xib */; };
		25EC03341B8CF06700E8626F /* SimpleTableTests.m in Sources */ = {isa = PBXBuildFile; fileRef = 25EC03331B8CF06700E8626F /* SimpleTableTests.m */; };
/* End PBXBuildFile section */

/* Begin PBXContainerItemProxy section */
		25EC032E1B8CF06700E8626F /* PBXContainerItemProxy */ = {
			isa = PBXContainerItemProxy;
			containerPortal = 25EC030C1B8CF06700E8626F /* Project object */;
			proxyType = 1;
			remoteGlobalIDString = 25EC03131B8CF06700E8626F;
			remoteInfo = SimpleTable;
		};
/* End PBXContainerItemProxy section */

/* Begin PBXFileReference section */
		25EC03141B8CF06700E8626F /* SimpleTable.app */ = {isa = PBXFileReference; explicitFileType = wrapper.application; includeInIndex = 0; path = SimpleTable.app; sourceTree = BUILT_PRODUCTS_DIR; };
		25EC03181B8CF06700E8626F /* Info.plist */ = {isa = PBXFileReference; lastKnownFileType = text.plist.xml; path = Info.plist; sourceTree = "<group>"; };
		25EC03191B8CF06700E8626F /* main.m */ = {isa = PBXFileReference; lastKnownFileType = sourcecode.c.objc; path = main.m; sourceTree = "<group>"; };
		25EC031B1B8CF06700E8626F /* AppDelegate.h */ = {isa = PBXFileReference; lastKnownFileType = sourcecode.c.h; path = AppDelegate.h; sourceTree = "<group>"; };
		25EC031C1B8CF06700E8626F /* AppDelegate.m */ = {isa = PBXFileReference; lastKnownFileType = sourcecode.c.objc; path = AppDelegate.m; sourceTree = "<group>"; };
		25EC031E1B8CF06700E8626F /* ViewController.h */ = {isa = PBXFileReference; lastKnownFileType = sourcecode.c.h; path = ViewController.h; sourceTree = "<group>"; };
		25EC031F1B8CF06700E8626F /* ViewController.m */ = {isa = PBXFileReference; lastKnownFileType = sourcecode.c.objc; path = ViewController.m; sourceTree = "<group>"; };
		25EC03221B8CF06700E8626F /* Base */ = {isa = PBXFileReference; lastKnownFileType = file.storyboard; name = Base; path = Base.lproj/Main.storyboard; sourceTree = "<group>"; };
		25EC03241B8CF06700E8626F /* Images.xcassets */ = {isa = PBXFileReference; lastKnownFileType = folder.assetcatalog; path = Images.xcassets; sourceTree = "<group>"; };
		25EC03271B8CF06700E8626F /* Base */ = {isa = PBXFileReference; lastKnownFileType = file.xib; name = Base; path = Base.lproj/LaunchScreen.xib; sourceTree = "<group>"; };
		25EC032D1B8CF06700E8626F /* SimpleTableTests.xctest */ = {isa = PBXFileReference; explicitFileType = wrapper.cfbundle; includeInIndex = 0; path = SimpleTableTests.xctest; sourceTree = BUILT_PRODUCTS_DIR; };
		25EC03321B8CF06700E8626F /* Info.plist */ = {isa = PBXFileReference; lastKnownFileType = text.plist.xml; path = Info.plist; sourceTree = "<group>"; };
		25EC03331B8CF06700E8626F /* SimpleTableTests.m */ = {isa = PBXFileReference; lastKnownFileType = sourcecode.c.objc; path = SimpleTableTests.m; sourceTree = "<group>"; };
/* End PBXFileReference section */

/* Begin PBXFrameworksBuildPhase section */
		25EC03111B8CF06700E8626F /* Frameworks */ = {
			isa = PBXFrameworksBuildPhase;
			buildActionMask = 2147483647;
			files = (
			);
			runOnlyForDeploymentPostprocessing = 0;
		};
		25EC032A1B8CF06700E8626F /* Frameworks */ = {
			isa = PBXFrameworksBuildPhase;
			buildActionMask = 2147483647;
			files = (
			);
			runOnlyForDeploymentPostprocessing = 0;
		};
/* End PBXFrameworksBuildPhase section */

/* Begin PBXGroup section */
		25EC030B1B8CF06700E8626F = {
			isa = PBXGroup;
			children = (
				25EC03161B8CF06700E8626F /* SimpleTable */,
				25EC03301B8CF06700E8626F /* SimpleTableTests */,
				25EC03151B8CF06700E8626F /* Products */,
			);
			sourceTree = "<group>";
		};
		25EC03151B8CF06700E8626F /* Products */ = {
			isa = PBXGroup;
			children = (
				25EC03141B8CF06700E8626F /* SimpleTable.app */,
				25EC032D1B8CF06700E8626F /* SimpleTableTests.xctest */,
			);
			name = Products;
			sourceTree = "<group>";
		};
		25EC03161B8CF06700E8626F /* SimpleTable */ = {
			isa = PBXGroup;
			children = (
				25EC031B1B8CF06700E8626F /* AppDelegate.h */,
				25EC031C1B8CF06700E8626F /* AppDelegate.m */,
				25EC031E1B8CF06700E8626F /* ViewController.h */,
				25EC031F1B8CF06700E8626F /* ViewController.m */,
				25EC03211B8CF06700E8626F /* Main.storyboard */,
				25EC03241B8CF06700E8626F /* Images.xcassets */,
				25EC03261B8CF06700E8626F /* LaunchScreen.xib */,
				25EC03171B8CF06700E8626F /* Supporting Files */,
			);
			path = SimpleTable;
			sourceTree = "<group>";
		};
		25EC03171B8CF06700E8626F /* Supporting Files */ = {
			isa = PBXGroup;
			children = (
				25EC03181B8CF06700E8626F /* Info.plist */,
				25EC03191B8CF06700E8626F /* main.m */,
			);
			name = "Supporting Files";
			sourceTree = "<group>";
		};
		25EC03301B8CF06700E8626F /* SimpleTableTests */ = {
			isa = PBXGroup;
			children = (
				25EC03331B8CF06700E8626F /* SimpleTableTests.m */,
				25EC03311B8CF06700E8626F /* Supporting Files */,
			);
			path = SimpleTableTests;
			sourceTree = "<group>";
		};
		25EC03311B8CF06700E8626F /* Supporting Files */ = {
			isa = PBXGroup;
			children = (
				25EC03321B8CF06700E8626F /* Info.plist */,
			);
			name = "Supporting Files";
			sourceTree = "<group>";
		};
/* End PBXGroup section */

/* Begin PBXNativeTarget section */
		25EC03131B8CF06700E8626F /* SimpleTable */ = {
			isa = PBXNativeTarget;
			buildConfigurationList = 25EC03371B8CF06700E8626F /* Build configuration list for PBXNativeTarget "SimpleTable" */;
			buildPhases = (
				25EC03101B8CF06700E8626F /* Sources */,
				25EC03111B8CF06700E8626F /* Frameworks */,
				25EC03121B8CF06700E8626F /* Resources */,
			);
			buildRules = (
			);
			dependencies = (
			);
			name = SimpleTable;
			productName = SimpleTable;
			productReference = 25EC03141B8CF06700E8626F /* SimpleTable.app */;
			productType = "com.apple.product-type.application";
		};
		25EC032C1B8CF06700E8626F /* SimpleTableTests */ = {
			isa = PBXNativeTarget;
			buildConfigurationList = 25EC033A1B8CF06700E8626F /* Build configuration list for PBXNativeTarget "SimpleTableTests" */;
			buildPhases = (
				25EC03291B8CF06700E8626F /* Sources */,
				25EC032A1B8CF06700E8626F /* Frameworks */,
				25EC032B1B8CF06700E8626F /* Resources */,
			);
			buildRules = (
			);
			dependencies = (
				25EC032F1B8CF06700E8626F /* PBXTargetDependency */,
			);
			name = SimpleTableTests;
			productName = SimpleTableTests;
			productReference = 25EC032D1B8CF06700E8626F /* SimpleTableTests.xctest */;
			productType = "com.apple.product-type.bundle.unit-test";
		};
/* End PBXNativeTarget section */

/* Begin PBXProject section */
		25EC030C1B8CF06700E8626F /* Project object */ = {
			isa = PBXProject;
			attributes = {
				LastUpgradeCheck = 0640;
				ORGANIZATIONNAME = "Jenny Mero";
				TargetAttributes = {
					25EC03131B8CF06700E8626F = {
						CreatedOnToolsVersion = 6.4;
					};
					25EC032C1B8CF06700E8626F = {
						CreatedOnToolsVersion = 6.4;
						TestTargetID = 25EC03131B8CF06700E8626F;
					};
				};
			};
			buildConfigurationList = 25EC030F1B8CF06700E8626F /* Build configuration list for PBXProject "SimpleTable" */;
			compatibilityVersion = "Xcode 3.2";
			developmentRegion = English;
			hasScannedForEncodings = 0;
			knownRegions = (
				en,
				Base,
			);
			mainGroup = 25EC030B1B8CF06700E8626F;
			productRefGroup = 25EC03151B8CF06700E8626F /* Products */;
			projectDirPath = "";
			projectRoot = "";
			targets = (
				25EC03131B8CF06700E8626F /* SimpleTable */,
				25EC032C1B8CF06700E8626F /* SimpleTableTests */,
			);
		};
/* End PBXProject section */

/* Begin PBXResourcesBuildPhase section */
		25EC03121B8CF06700E8626F /* Resources */ = {
			isa = PBXResourcesBuildPhase;
			buildActionMask = 2147483647;
			files = (
				25EC03231B8CF06700E8626F /* Main.storyboard in Resources */,
				25EC03281B8CF06700E8626F /* LaunchScreen.xib in Resources */,
				25EC03251B8CF06700E8626F /* Images.xcassets in Resources */,
			);
			runOnlyForDeploymentPostprocessing = 0;
		};
		25EC032B1B8CF06700E8626F /* Resources */ = {
			isa = PBXResourcesBuildPhase;
			buildActionMask = 2147483647;
			files = (
			);
			runOnlyForDeploymentPostprocessing = 0;
		};
/* End PBXResourcesBuildPhase section */

/* Begin PBXSourcesBuildPhase section */
		25EC03101B8CF06700E8626F /* Sources */ = {
			isa = PBXSourcesBuildPhase;
			buildActionMask = 2147483647;
			files = (
				25EC03201B8CF06700E8626F /* ViewController.m in Sources */,
				25EC031D1B8CF06700E8626F /* AppDelegate.m in Sources */,
				25EC031A1B8CF06700E8626F /* main.m in Sources */,
			);
			runOnlyForDeploymentPostprocessing = 0;
		};
		25EC03291B8CF06700E8626F /* Sources */ = {
			isa = PBXSourcesBuildPhase;
			buildActionMask = 2147483647;
			files = (
				25EC03341B8CF06700E8626F /* SimpleTableTests.m in Sources */,
			);
			runOnlyForDeploymentPostprocessing = 0;
		};
/* End PBXSourcesBuildPhase section */

/* Begin PBXTargetDependency section */
		25EC032F1B8CF06700E8626F /* PBXTargetDependency */ = {
			isa = PBXTargetDependency;
			target = 25EC03131B8CF06700E8626F /* SimpleTable */;
			targetProxy = 25EC032E1B8CF06700E8626F /* PBXContainerItemProxy */;
		};
/* End PBXTargetDependency section */

/* Begin PBXVariantGroup section */
		25EC03211B8CF06700E8626F /* Main.storyboard */ = {
			isa = PBXVariantGroup;
			children = (
				25EC03221B8CF06700E8626F /* Base */,
			);
			name = Main.storyboard;
			sourceTree = "<group>";
		};
		25EC03261B8CF06700E8626F /* LaunchScreen.xib */ = {
			isa = PBXVariantGroup;
			children = (
				25EC03271B8CF06700E8626F /* Base */,
			);
			name = LaunchScreen.xib;
			sourceTree = "<group>";
		};
/* End PBXVariantGroup section */

/* Begin XCBuildConfiguration section */
		25EC03351B8CF06700E8626F /* Debug */ = {
			isa = XCBuildConfiguration;
			buildSettings = {
				ALWAYS_SEARCH_USER_PATHS = NO;
				CLANG_CXX_LANGUAGE_STANDARD = "gnu++0x";
				CLANG_CXX_LIBRARY = "libc++";
				CLANG_ENABLE_MODULES = YES;
				CLANG_ENABLE_OBJC_ARC = YES;
				CLANG_WARN_BOOL_CONVERSION = YES;
				CLANG_WARN_CONSTANT_CONVERSION = YES;
				CLANG_WARN_DIRECT_OBJC_ISA_USAGE = YES_ERROR;
				CLANG_WARN_EMPTY_BODY = YES;
				CLANG_WARN_ENUM_CONVERSION = YES;
				CLANG_WARN_INT_CONVERSION = YES;
				CLANG_WARN_OBJC_ROOT_CLASS = YES_ERROR;
				CLANG_WARN_UNREACHABLE_CODE = YES;
				CLANG_WARN__DUPLICATE_METHOD_MATCH = YES;
				"CODE_SIGN_IDENTITY[sdk=iphoneos*]" = "iPhone Developer";
				COPY_PHASE_STRIP = NO;
				DEBUG_INFORMATION_FORMAT = "dwarf-with-dsym";
				ENABLE_STRICT_OBJC_MSGSEND = YES;
				GCC_C_LANGUAGE_STANDARD = gnu99;
				GCC_DYNAMIC_NO_PIC = NO;
				GCC_NO_COMMON_BLOCKS = YES;
				GCC_OPTIMIZATION_LEVEL = 0;
				GCC_PREPROCESSOR_DEFINITIONS = (
					"DEBUG=1",
					"$(inherited)",
				);
				GCC_SYMBOLS_PRIVATE_EXTERN = NO;
				GCC_WARN_64_TO_32_BIT_CONVERSION = YES;
				GCC_WARN_ABOUT_RETURN_TYPE = YES_ERROR;
				GCC_WARN_UNDECLARED_SELECTOR = YES;
				GCC_WARN_UNINITIALIZED_AUTOS = YES_AGGRESSIVE;
				GCC_WARN_UNUSED_FUNCTION = YES;
				GCC_WARN_UNUSED_VARIABLE = YES;
				IPHONEOS_DEPLOYMENT_TARGET = 8.4;
				MTL_ENABLE_DEBUG_INFO = YES;
				ONLY_ACTIVE_ARCH = YES;
				SDKROOT = iphoneos;
			};
			name = Debug;
		};
		25EC03361B8CF06700E8626F /* Release */ = {
			isa = XCBuildConfiguration;
			buildSettings = {
				ALWAYS_SEARCH_USER_PATHS = NO;
				CLANG_CXX_LANGUAGE_STANDARD = "gnu++0x";
				CLANG_CXX_LIBRARY = "libc++";
				CLANG_ENABLE_MODULES = YES;
				CLANG_ENABLE_OBJC_ARC = YES;
				CLANG_WARN_BOOL_CONVERSION = YES;
				CLANG_WARN_CONSTANT_CONVERSION = YES;
				CLANG_WARN_DIRECT_OBJC_ISA_USAGE = YES_ERROR;
				CLANG_WARN_EMPTY_BODY = YES;
				CLANG_WARN_ENUM_CONVERSION = YES;
				CLANG_WARN_INT_CONVERSION = YES;
				CLANG_WARN_OBJC_ROOT_CLASS = YES_ERROR;
				CLANG_WARN_UNREACHABLE_CODE = YES;
				CLANG_WARN__DUPLICATE_METHOD_MATCH = YES;
				"CODE_SIGN_IDENTITY[sdk=iphoneos*]" = "iPhone Developer";
				COPY_PHASE_STRIP = NO;
				DEBUG_INFORMATION_FORMAT = "dwarf-with-dsym";
				ENABLE_NS_ASSERTIONS = NO;
				ENABLE_STRICT_OBJC_MSGSEND = YES;
				GCC_C_LANGUAGE_STANDARD = gnu99;
				GCC_NO_COMMON_BLOCKS = YES;
				GCC_WARN_64_TO_32_BIT_CONVERSION = YES;
				GCC_WARN_ABOUT_RETURN_TYPE = YES_ERROR;
				GCC_WARN_UNDECLARED_SELECTOR = YES;
				GCC_WARN_UNINITIALIZED_AUTOS = YES_AGGRESSIVE;
				GCC_WARN_UNUSED_FUNCTION = YES;
				GCC_WARN_UNUSED_VARIABLE = YES;
				IPHONEOS_DEPLOYMENT_TARGET = 8.4;
				MTL_ENABLE_DEBUG_INFO = NO;
				SDKROOT = iphoneos;
				VALIDATE_PRODUCT = YES;
			};
			name = Release;
		};
		25EC03381B8CF06700E8626F /* Debug */ = {
			isa = XCBuildConfiguration;
			buildSettings = {
				ASSETCATALOG_COMPILER_APPICON_NAME = AppIcon;
				INFOPLIST_FILE = SimpleTable/Info.plist;
				LD_RUNPATH_SEARCH_PATHS = "$(inherited) @executable_path/Frameworks";
				PRODUCT_NAME = "$(TARGET_NAME)";
			};
			name = Debug;
		};
		25EC03391B8CF06700E8626F /* Release */ = {
			isa = XCBuildConfiguration;
			buildSettings = {
				ASSETCATALOG_COMPILER_APPICON_NAME = AppIcon;
				INFOPLIST_FILE = SimpleTable/Info.plist;
				LD_RUNPATH_SEARCH_PATHS = "$(inherited) @executable_path/Frameworks";
				PRODUCT_NAME = "$(TARGET_NAME)";
			};
			name = Release;
		};
		25EC033B1B8CF06700E8626F /* Debug */ = {
			isa = XCBuildConfiguration;
			buildSettings = {
				BUNDLE_LOADER = "$(TEST_HOST)";
				FRAMEWORK_SEARCH_PATHS = (
					"$(SDKROOT)/Developer/Library/Frameworks",
					"$(inherited)",
				);
				GCC_PREPROCESSOR_DEFINITIONS = (
					"DEBUG=1",
					"$(inherited)",
				);
				INFOPLIST_FILE = SimpleTableTests/Info.plist;
				LD_RUNPATH_SEARCH_PATHS = "$(inherited) @executable_path/Frameworks @loader_path/Frameworks";
				PRODUCT_NAME = "$(TARGET_NAME)";
				TEST_HOST = "$(BUILT_PRODUCTS_DIR)/SimpleTable.app/SimpleTable";
			};
			name = Debug;
		};
		25EC033C1B8CF06700E8626F /* Release */ = {
			isa = XCBuildConfiguration;
			buildSettings = {
				BUNDLE_LOADER = "$(TEST_HOST)";
				FRAMEWORK_SEARCH_PATHS = (
					"$(SDKROOT)/Developer/Library/Frameworks",
					"$(inherited)",
				);
				INFOPLIST_FILE = SimpleTableTests/Info.plist;
				LD_RUNPATH_SEARCH_PATHS = "$(inherited) @executable_path/Frameworks @loader_path/Frameworks";
				PRODUCT_NAME = "$(TARGET_NAME)";
				TEST_HOST = "$(BUILT_PRODUCTS_DIR)/SimpleTable.app/SimpleTable";
			};
			name = Release;
		};
/* End XCBuildConfiguration section */

/* Begin XCConfigurationList section */
		25EC030F1B8CF06700E8626F /* Build configuration list for PBXProject "SimpleTable" */ = {
			isa = XCConfigurationList;
			buildConfigurations = (
				25EC03351B8CF06700E8626F /* Debug */,
				25EC03361B8CF06700E8626F /* Release */,
			);
			defaultConfigurationIsVisible = 0;
			defaultConfigurationName = Release;
		};
		25EC03371B8CF06700E8626F /* Build configuration list for PBXNativeTarget "SimpleTable" */ = {
			isa = XCConfigurationList;
			buildConfigurations = (
				25EC03381B8CF06700E8626F /* Debug */,
				25EC03391B8CF06700E8626F /* Release */,
			);
			defaultConfigurationIsVisible = 0;
		};
		25EC033A1B8CF06700E8626F /* Build configuration list for PBXNativeTarget "SimpleTableTests" */ = {
			isa = XCConfigurationList;
			buildConfigurations = (
				25EC033B1B8CF06700E8626F /* Debug */,
				25EC033C1B8CF06700E8626F /* Release */,
			);
			defaultConfigurationIsVisible = 0;
		};
/* End XCConfigurationList section */
	};
	rootObject = 25EC030C1B8CF06700E8626F /* Project object */;
}
