// !$*UTF8*$!
{
	archiveVersion = 1;
	classes = {
	};
	objectVersion = 46;
	objects = {

/* Begin PBXBuildFile section */
		251B79731B71B4EE009023E0 /* main.m in Sources */ = {isa = PBXBuildFile; fileRef = 251B79721B71B4EE009023E0 /* main.m */; };
		251B797B1B71B501009023E0 /* Shape.m in Sources */ = {isa = PBXBuildFile; fileRef = 251B797A1B71B501009023E0 /* Shape.m */; };
		251B7A8A1B7D8C63009023E0 /* Square.m in Sources */ = {isa = PBXBuildFile; fileRef = 251B7A891B7D8C63009023E0 /* Square.m */; };
		251B7A8D1B7D8CE3009023E0 /* Circle.m in Sources */ = {isa = PBXBuildFile; fileRef = 251B7A8C1B7D8CE3009023E0 /* Circle.m */; };
/* End PBXBuildFile section */

/* Begin PBXCopyFilesBuildPhase section */
		251B796D1B71B4EE009023E0 /* CopyFiles */ = {
			isa = PBXCopyFilesBuildPhase;
			buildActionMask = 2147483647;
			dstPath = /usr/share/man/man1/;
			dstSubfolderSpec = 0;
			files = (
			);
			runOnlyForDeploymentPostprocessing = 1;
		};
/* End PBXCopyFilesBuildPhase section */

/* Begin PBXFileReference section */
		251B796F1B71B4EE009023E0 /* shapeClass */ = {isa = PBXFileReference; explicitFileType = "compiled.mach-o.executable"; includeInIndex = 0; path = shapeClass; sourceTree = BUILT_PRODUCTS_DIR; };
		251B79721B71B4EE009023E0 /* main.m */ = {isa = PBXFileReference; lastKnownFileType = sourcecode.c.objc; path = main.m; sourceTree = "<group>"; };
		251B79791B71B501009023E0 /* Shape.h */ = {isa = PBXFileReference; fileEncoding = 4; lastKnownFileType = sourcecode.c.h; path = Shape.h; sourceTree = "<group>"; };
		251B797A1B71B501009023E0 /* Shape.m */ = {isa = PBXFileReference; fileEncoding = 4; lastKnownFileType = sourcecode.c.objc; path = Shape.m; sourceTree = "<group>"; };
		251B7A881B7D8C63009023E0 /* Square.h */ = {isa = PBXFileReference; fileEncoding = 4; lastKnownFileType = sourcecode.c.h; path = Square.h; sourceTree = "<group>"; };
		251B7A891B7D8C63009023E0 /* Square.m */ = {isa = PBXFileReference; fileEncoding = 4; lastKnownFileType = sourcecode.c.objc; path = Square.m; sourceTree = "<group>"; };
		251B7A8B1B7D8CE3009023E0 /* Circle.h */ = {isa = PBXFileReference; fileEncoding = 4; lastKnownFileType = sourcecode.c.h; path = Circle.h; sourceTree = "<group>"; };
		251B7A8C1B7D8CE3009023E0 /* Circle.m */ = {isa = PBXFileReference; fileEncoding = 4; lastKnownFileType = sourcecode.c.objc; path = Circle.m; sourceTree = "<group>"; };
/* End PBXFileReference section */

/* Begin PBXFrameworksBuildPhase section */
		251B796C1B71B4EE009023E0 /* Frameworks */ = {
			isa = PBXFrameworksBuildPhase;
			buildActionMask = 2147483647;
			files = (
			);
			runOnlyForDeploymentPostprocessing = 0;
		};
/* End PBXFrameworksBuildPhase section */

/* Begin PBXGroup section */
		251B79661B71B4EE009023E0 = {
			isa = PBXGroup;
			children = (
				251B79711B71B4EE009023E0 /* shapeClass */,
				251B79701B71B4EE009023E0 /* Products */,
			);
			sourceTree = "<group>";
		};
		251B79701B71B4EE009023E0 /* Products */ = {
			isa = PBXGroup;
			children = (
				251B796F1B71B4EE009023E0 /* shapeClass */,
			);
			name = Products;
			sourceTree = "<group>";
		};
		251B79711B71B4EE009023E0 /* shapeClass */ = {
			isa = PBXGroup;
			children = (
				251B79721B71B4EE009023E0 /* main.m */,
				251B7A8B1B7D8CE3009023E0 /* Circle.h */,
				251B7A8C1B7D8CE3009023E0 /* Circle.m */,
				251B7A881B7D8C63009023E0 /* Square.h */,
				251B7A891B7D8C63009023E0 /* Square.m */,
				251B79791B71B501009023E0 /* Shape.h */,
				251B797A1B71B501009023E0 /* Shape.m */,
			);
			path = shapeClass;
			sourceTree = "<group>";
		};
/* End PBXGroup section */

/* Begin PBXNativeTarget section */
		251B796E1B71B4EE009023E0 /* shapeClass */ = {
			isa = PBXNativeTarget;
			buildConfigurationList = 251B79761B71B4EE009023E0 /* Build configuration list for PBXNativeTarget "shapeClass" */;
			buildPhases = (
				251B796B1B71B4EE009023E0 /* Sources */,
				251B796C1B71B4EE009023E0 /* Frameworks */,
				251B796D1B71B4EE009023E0 /* CopyFiles */,
			);
			buildRules = (
			);
			dependencies = (
			);
			name = shapeClass;
			productName = shapeClass;
			productReference = 251B796F1B71B4EE009023E0 /* shapeClass */;
			productType = "com.apple.product-type.tool";
		};
/* End PBXNativeTarget section */

/* Begin PBXProject section */
		251B79671B71B4EE009023E0 /* Project object */ = {
			isa = PBXProject;
			attributes = {
				LastUpgradeCheck = 0640;
				ORGANIZATIONNAME = "JENNY MERO";
				TargetAttributes = {
					251B796E1B71B4EE009023E0 = {
						CreatedOnToolsVersion = 6.4;
					};
				};
			};
			buildConfigurationList = 251B796A1B71B4EE009023E0 /* Build configuration list for PBXProject "shapeClass" */;
			compatibilityVersion = "Xcode 3.2";
			developmentRegion = English;
			hasScannedForEncodings = 0;
			knownRegions = (
				en,
			);
			mainGroup = 251B79661B71B4EE009023E0;
			productRefGroup = 251B79701B71B4EE009023E0 /* Products */;
			projectDirPath = "";
			projectRoot = "";
			targets = (
				251B796E1B71B4EE009023E0 /* shapeClass */,
			);
		};
/* End PBXProject section */

/* Begin PBXSourcesBuildPhase section */
		251B796B1B71B4EE009023E0 /* Sources */ = {
			isa = PBXSourcesBuildPhase;
			buildActionMask = 2147483647;
			files = (
				251B7A8A1B7D8C63009023E0 /* Square.m in Sources */,
				251B7A8D1B7D8CE3009023E0 /* Circle.m in Sources */,
				251B79731B71B4EE009023E0 /* main.m in Sources */,
				251B797B1B71B501009023E0 /* Shape.m in Sources */,
			);
			runOnlyForDeploymentPostprocessing = 0;
		};
/* End PBXSourcesBuildPhase section */

/* Begin XCBuildConfiguration section */
		251B79741B71B4EE009023E0 /* Debug */ = {
			isa = XCBuildConfiguration;
			buildSettings = {
				ALWAYS_SEARCH_USER_PATHS = NO;
				CLANG_CXX_LANGUAGE_STANDARD = "gnu++0x";
				CLANG_CXX_LIBRARY = "libc++";
				CLANG_ENABLE_MODULES = YES;
				CLANG_ENABLE_OBJC_ARC = YES;
				CLANG_WARN_BOOL_CONVERSION = YES;
				CLANG_WARN_CONSTANT_CONVERSION = YES;
				CLANG_WARN_DIRECT_OBJC_ISA_USAGE = YES_ERROR;
				CLANG_WARN_EMPTY_BODY = YES;
				CLANG_WARN_ENUM_CONVERSION = YES;
				CLANG_WARN_INT_CONVERSION = YES;
				CLANG_WARN_OBJC_ROOT_CLASS = YES_ERROR;
				CLANG_WARN_UNREACHABLE_CODE = YES;
				CLANG_WARN__DUPLICATE_METHOD_MATCH = YES;
				COPY_PHASE_STRIP = NO;
				DEBUG_INFORMATION_FORMAT = dwarf;
				ENABLE_STRICT_OBJC_MSGSEND = YES;
				GCC_C_LANGUAGE_STANDARD = gnu99;
				GCC_DYNAMIC_NO_PIC = NO;
				GCC_NO_COMMON_BLOCKS = YES;
				GCC_OPTIMIZATION_LEVEL = 0;
				GCC_PREPROCESSOR_DEFINITIONS = (
					"DEBUG=1",
					"$(inherited)",
				);
				GCC_SYMBOLS_PRIVATE_EXTERN = NO;
				GCC_WARN_64_TO_32_BIT_CONVERSION = YES;
				GCC_WARN_ABOUT_RETURN_TYPE = YES_ERROR;
				GCC_WARN_UNDECLARED_SELECTOR = YES;
				GCC_WARN_UNINITIALIZED_AUTOS = YES_AGGRESSIVE;
				GCC_WARN_UNUSED_FUNCTION = YES;
				GCC_WARN_UNUSED_VARIABLE = YES;
				MACOSX_DEPLOYMENT_TARGET = 10.10;
				MTL_ENABLE_DEBUG_INFO = YES;
				ONLY_ACTIVE_ARCH = YES;
				SDKROOT = macosx;
			};
			name = Debug;
		};
		251B79751B71B4EE009023E0 /* Release */ = {
			isa = XCBuildConfiguration;
			buildSettings = {
				ALWAYS_SEARCH_USER_PATHS = NO;
				CLANG_CXX_LANGUAGE_STANDARD = "gnu++0x";
				CLANG_CXX_LIBRARY = "libc++";
				CLANG_ENABLE_MODULES = YES;
				CLANG_ENABLE_OBJC_ARC = YES;
				CLANG_WARN_BOOL_CONVERSION = YES;
				CLANG_WARN_CONSTANT_CONVERSION = YES;
				CLANG_WARN_DIRECT_OBJC_ISA_USAGE = YES_ERROR;
				CLANG_WARN_EMPTY_BODY = YES;
				CLANG_WARN_ENUM_CONVERSION = YES;
				CLANG_WARN_INT_CONVERSION = YES;
				CLANG_WARN_OBJC_ROOT_CLASS = YES_ERROR;
				CLANG_WARN_UNREACHABLE_CODE = YES;
				CLANG_WARN__DUPLICATE_METHOD_MATCH = YES;
				COPY_PHASE_STRIP = NO;
				DEBUG_INFORMATION_FORMAT = "dwarf-with-dsym";
				ENABLE_NS_ASSERTIONS = NO;
				ENABLE_STRICT_OBJC_MSGSEND = YES;
				GCC_C_LANGUAGE_STANDARD = gnu99;
				GCC_NO_COMMON_BLOCKS = YES;
				GCC_WARN_64_TO_32_BIT_CONVERSION = YES;
				GCC_WARN_ABOUT_RETURN_TYPE = YES_ERROR;
				GCC_WARN_UNDECLARED_SELECTOR = YES;
				GCC_WARN_UNINITIALIZED_AUTOS = YES_AGGRESSIVE;
				GCC_WARN_UNUSED_FUNCTION = YES;
				GCC_WARN_UNUSED_VARIABLE = YES;
				MACOSX_DEPLOYMENT_TARGET = 10.10;
				MTL_ENABLE_DEBUG_INFO = NO;
				SDKROOT = macosx;
			};
			name = Release;
		};
		251B79771B71B4EE009023E0 /* Debug */ = {
			isa = XCBuildConfiguration;
			buildSettings = {
				PRODUCT_NAME = "$(TARGET_NAME)";
			};
			name = Debug;
		};
		251B79781B71B4EE009023E0 /* Release */ = {
			isa = XCBuildConfiguration;
			buildSettings = {
				PRODUCT_NAME = "$(TARGET_NAME)";
			};
			name = Release;
		};
/* End XCBuildConfiguration section */

/* Begin XCConfigurationList section */
		251B796A1B71B4EE009023E0 /* Build configuration list for PBXProject "shapeClass" */ = {
			isa = XCConfigurationList;
			buildConfigurations = (
				251B79741B71B4EE009023E0 /* Debug */,
				251B79751B71B4EE009023E0 /* Release */,
			);
			defaultConfigurationIsVisible = 0;
			defaultConfigurationName = Release;
		};
		251B79761B71B4EE009023E0 /* Build configuration list for PBXNativeTarget "shapeClass" */ = {
			isa = XCConfigurationList;
			buildConfigurations = (
				251B79771B71B4EE009023E0 /* Debug */,
				251B79781B71B4EE009023E0 /* Release */,
			);
			defaultConfigurationIsVisible = 0;
			defaultConfigurationName = Release;
		};
/* End XCConfigurationList section */
	};
	rootObject = 251B79671B71B4EE009023E0 /* Project object */;
}
